
Microsoft Visual Studio Solution File, Format Version 12.00
# Visual Studio Version 16
VisualStudioVersion = 16.0.29102.190
MinimumVisualStudioVersion = 10.0.40219.1
Project("{2150E333-8FDC-42A3-9474-1A3956D46DE8}") = "Domain", "Domain", "{26A70AC2-0E77-449A-8C5C-32E10EF071AA}"
EndProject
Project("{2150E333-8FDC-42A3-9474-1A3956D46DE8}") = "Infra.Bus", "Infra.Bus", "{C219B7B8-0521-46A4-AA14-94409C7EF7B3}"
EndProject
Project("{2150E333-8FDC-42A3-9474-1A3956D46DE8}") = "Microservices", "Microservices", "{4AB403DE-9E51-4AD2-B913-5A7129DA5DEF}"
EndProject
Project("{2150E333-8FDC-42A3-9474-1A3956D46DE8}") = "Infra.IoC", "Infra.IoC", "{203C55D7-4598-4469-A74B-D25F475E2385}"
EndProject
Project("{9A19103F-16F7-4668-BE54-9A1E7A4F7556}") = "MicroEx.Domain.Core", "MicroEx.Domain.Core\MicroEx.Domain.Core.csproj", "{353940E3-80A5-419A-9B1F-81F98D5BCE45}"
EndProject
Project("{9A19103F-16F7-4668-BE54-9A1E7A4F7556}") = "MicroEx.Infra.Bus", "MicroEx.Infra.Bus\MicroEx.Infra.Bus.csproj", "{15F17866-4420-457F-87CB-22B21136660D}"
EndProject
Project("{9A19103F-16F7-4668-BE54-9A1E7A4F7556}") = "MicroEx.Infra.IoC", "MicroEx.Infra.IoC\MicroEx.Infra.IoC.csproj", "{40665B96-8771-43A3-8138-66404478E26B}"
EndProject
Project("{2150E333-8FDC-42A3-9474-1A3956D46DE8}") = "Banking", "Banking", "{B9C59C86-AD73-4449-B5C8-6DF2F61D9F7C}"
EndProject
Project("{2150E333-8FDC-42A3-9474-1A3956D46DE8}") = "Api", "Api", "{B28BBD0F-9280-494E-875E-2B65E1489F7A}"
EndProject
Project("{2150E333-8FDC-42A3-9474-1A3956D46DE8}") = "Application", "Application", "{FC6CA6BD-983E-4596-912E-6E6971AA8021}"
EndProject
Project("{2150E333-8FDC-42A3-9474-1A3956D46DE8}") = "Data", "Data", "{1169D9D6-D82E-4A82-8FF1-9D688316635E}"
EndProject
Project("{2150E333-8FDC-42A3-9474-1A3956D46DE8}") = "Domain", "Domain", "{36AB4B71-BB16-4F1E-9D17-41E3E833E1F2}"
EndProject
Project("{9A19103F-16F7-4668-BE54-9A1E7A4F7556}") = "MicroEx.Banking.Api", "MicroEx.Banking.Api\MicroEx.Banking.Api.csproj", "{09C76C65-F55E-4726-B0ED-5EC04D6BB91D}"
EndProject
Project("{9A19103F-16F7-4668-BE54-9A1E7A4F7556}") = "MicroEx.Banking.Application", "MicroEx.Banking.Application\MicroEx.Banking.Application.csproj", "{FB14F0A2-F8D2-4D1A-8AEE-91057AD8BB2D}"
EndProject
Project("{9A19103F-16F7-4668-BE54-9A1E7A4F7556}") = "MicroEx.Banking.Data", "MicroEx.Banking.Data\MicroEx.Banking.Data.csproj", "{C0F9CD6E-D544-47E4-B616-2269633CB048}"
EndProject
Project("{9A19103F-16F7-4668-BE54-9A1E7A4F7556}") = "MicroEx.Banking.Domain", "MicroEx.Banking.Domain\MicroEx.Banking.Domain.csproj", "{A571478C-9D2D-48F1-949F-EB56BDA411D4}"
EndProject
Project("{2150E333-8FDC-42A3-9474-1A3956D46DE8}") = "Transfer", "Transfer", "{CBD1E166-882C-4358-8C22-834561491926}"
EndProject
Project("{2150E333-8FDC-42A3-9474-1A3956D46DE8}") = "Api", "Api", "{777CB77D-DC44-4FB3-BC77-26F88BDAA358}"
EndProject
Project("{2150E333-8FDC-42A3-9474-1A3956D46DE8}") = "Application", "Application", "{3DFFBC27-3304-4895-990A-37FDF1EA9896}"
EndProject
Project("{2150E333-8FDC-42A3-9474-1A3956D46DE8}") = "Data", "Data", "{AAB7F6C8-D81C-451E-AB66-6963B83232D0}"
EndProject
Project("{2150E333-8FDC-42A3-9474-1A3956D46DE8}") = "Domain", "Domain", "{F130A000-AB54-4060-BD84-6D6896115C6C}"
EndProject
Project("{FAE04EC0-301F-11D3-BF4B-00C04F79EFBC}") = "MicroEx.Transfer.Api", "MicroEx.Transfer.Api\MicroEx.Transfer.Api.csproj", "{599097AC-4825-45AE-811D-D8DFFB4A2664}"
EndProject
Project("{FAE04EC0-301F-11D3-BF4B-00C04F79EFBC}") = "MicroEx.Transfer.Application", "MicroEx.Transfer.Application\MicroEx.Transfer.Application.csproj", "{874B64E8-B1F7-48FC-B01C-4245E0594E43}"
EndProject
Project("{FAE04EC0-301F-11D3-BF4B-00C04F79EFBC}") = "MicroEx.Transfer.Data", "MicroEx.Transfer.Data\MicroEx.Transfer.Data.csproj", "{4B573B40-45C7-4F16-9C48-F86FF1BFBC1F}"
EndProject
Project("{FAE04EC0-301F-11D3-BF4B-00C04F79EFBC}") = "MicroEx.Transfer.Domain", "MicroEx.Transfer.Domain\MicroEx.Transfer.Domain.csproj", "{A33C3CBE-1F2B-457B-AEFE-79571A23CAF7}"
EndProject
Global
	GlobalSection(SolutionConfigurationPlatforms) = preSolution
		Debug|Any CPU = Debug|Any CPU
		Release|Any CPU = Release|Any CPU
	EndGlobalSection
	GlobalSection(ProjectConfigurationPlatforms) = postSolution
		{353940E3-80A5-419A-9B1F-81F98D5BCE45}.Debug|Any CPU.ActiveCfg = Debug|Any CPU
		{353940E3-80A5-419A-9B1F-81F98D5BCE45}.Debug|Any CPU.Build.0 = Debug|Any CPU
		{353940E3-80A5-419A-9B1F-81F98D5BCE45}.Release|Any CPU.ActiveCfg = Release|Any CPU
		{353940E3-80A5-419A-9B1F-81F98D5BCE45}.Release|Any CPU.Build.0 = Release|Any CPU
		{15F17866-4420-457F-87CB-22B21136660D}.Debug|Any CPU.ActiveCfg = Debug|Any CPU
		{15F17866-4420-457F-87CB-22B21136660D}.Debug|Any CPU.Build.0 = Debug|Any CPU
		{15F17866-4420-457F-87CB-22B21136660D}.Release|Any CPU.ActiveCfg = Release|Any CPU
		{15F17866-4420-457F-87CB-22B21136660D}.Release|Any CPU.Build.0 = Release|Any CPU
		{40665B96-8771-43A3-8138-66404478E26B}.Debug|Any CPU.ActiveCfg = Debug|Any CPU
		{40665B96-8771-43A3-8138-66404478E26B}.Debug|Any CPU.Build.0 = Debug|Any CPU
		{40665B96-8771-43A3-8138-66404478E26B}.Release|Any CPU.ActiveCfg = Release|Any CPU
		{40665B96-8771-43A3-8138-66404478E26B}.Release|Any CPU.Build.0 = Release|Any CPU
		{09C76C65-F55E-4726-B0ED-5EC04D6BB91D}.Debug|Any CPU.ActiveCfg = Debug|Any CPU
		{09C76C65-F55E-4726-B0ED-5EC04D6BB91D}.Debug|Any CPU.Build.0 = Debug|Any CPU
		{09C76C65-F55E-4726-B0ED-5EC04D6BB91D}.Release|Any CPU.ActiveCfg = Release|Any CPU
		{09C76C65-F55E-4726-B0ED-5EC04D6BB91D}.Release|Any CPU.Build.0 = Release|Any CPU
		{FB14F0A2-F8D2-4D1A-8AEE-91057AD8BB2D}.Debug|Any CPU.ActiveCfg = Debug|Any CPU
		{FB14F0A2-F8D2-4D1A-8AEE-91057AD8BB2D}.Debug|Any CPU.Build.0 = Debug|Any CPU
		{FB14F0A2-F8D2-4D1A-8AEE-91057AD8BB2D}.Release|Any CPU.ActiveCfg = Release|Any CPU
		{FB14F0A2-F8D2-4D1A-8AEE-91057AD8BB2D}.Release|Any CPU.Build.0 = Release|Any CPU
		{C0F9CD6E-D544-47E4-B616-2269633CB048}.Debug|Any CPU.ActiveCfg = Debug|Any CPU
		{C0F9CD6E-D544-47E4-B616-2269633CB048}.Debug|Any CPU.Build.0 = Debug|Any CPU
		{C0F9CD6E-D544-47E4-B616-2269633CB048}.Release|Any CPU.ActiveCfg = Release|Any CPU
		{C0F9CD6E-D544-47E4-B616-2269633CB048}.Release|Any CPU.Build.0 = Release|Any CPU
		{A571478C-9D2D-48F1-949F-EB56BDA411D4}.Debug|Any CPU.ActiveCfg = Debug|Any CPU
		{A571478C-9D2D-48F1-949F-EB56BDA411D4}.Debug|Any CPU.Build.0 = Debug|Any CPU
		{A571478C-9D2D-48F1-949F-EB56BDA411D4}.Release|Any CPU.ActiveCfg = Release|Any CPU
		{A571478C-9D2D-48F1-949F-EB56BDA411D4}.Release|Any CPU.Build.0 = Release|Any CPU
		{599097AC-4825-45AE-811D-D8DFFB4A2664}.Debug|Any CPU.ActiveCfg = Debug|Any CPU
		{599097AC-4825-45AE-811D-D8DFFB4A2664}.Debug|Any CPU.Build.0 = Debug|Any CPU
		{599097AC-4825-45AE-811D-D8DFFB4A2664}.Release|Any CPU.ActiveCfg = Release|Any CPU
		{599097AC-4825-45AE-811D-D8DFFB4A2664}.Release|Any CPU.Build.0 = Release|Any CPU
		{874B64E8-B1F7-48FC-B01C-4245E0594E43}.Debug|Any CPU.ActiveCfg = Debug|Any CPU
		{874B64E8-B1F7-48FC-B01C-4245E0594E43}.Debug|Any CPU.Build.0 = Debug|Any CPU
		{874B64E8-B1F7-48FC-B01C-4245E0594E43}.Release|Any CPU.ActiveCfg = Release|Any CPU
		{874B64E8-B1F7-48FC-B01C-4245E0594E43}.Release|Any CPU.Build.0 = Release|Any CPU
		{4B573B40-45C7-4F16-9C48-F86FF1BFBC1F}.Debug|Any CPU.ActiveCfg = Debug|Any CPU
		{4B573B40-45C7-4F16-9C48-F86FF1BFBC1F}.Debug|Any CPU.Build.0 = Debug|Any CPU
		{4B573B40-45C7-4F16-9C48-F86FF1BFBC1F}.Release|Any CPU.ActiveCfg = Release|Any CPU
		{4B573B40-45C7-4F16-9C48-F86FF1BFBC1F}.Release|Any CPU.Build.0 = Release|Any CPU
		{A33C3CBE-1F2B-457B-AEFE-79571A23CAF7}.Debug|Any CPU.ActiveCfg = Debug|Any CPU
		{A33C3CBE-1F2B-457B-AEFE-79571A23CAF7}.Debug|Any CPU.Build.0 = Debug|Any CPU
		{A33C3CBE-1F2B-457B-AEFE-79571A23CAF7}.Release|Any CPU.ActiveCfg = Release|Any CPU
		{A33C3CBE-1F2B-457B-AEFE-79571A23CAF7}.Release|Any CPU.Build.0 = Release|Any CPU
	EndGlobalSection
	GlobalSection(SolutionProperties) = preSolution
		HideSolutionNode = FALSE
	EndGlobalSection
	GlobalSection(NestedProjects) = preSolution
		{353940E3-80A5-419A-9B1F-81F98D5BCE45} = {26A70AC2-0E77-449A-8C5C-32E10EF071AA}
		{15F17866-4420-457F-87CB-22B21136660D} = {C219B7B8-0521-46A4-AA14-94409C7EF7B3}
		{40665B96-8771-43A3-8138-66404478E26B} = {203C55D7-4598-4469-A74B-D25F475E2385}
		{B9C59C86-AD73-4449-B5C8-6DF2F61D9F7C} = {4AB403DE-9E51-4AD2-B913-5A7129DA5DEF}
		{B28BBD0F-9280-494E-875E-2B65E1489F7A} = {B9C59C86-AD73-4449-B5C8-6DF2F61D9F7C}
		{FC6CA6BD-983E-4596-912E-6E6971AA8021} = {B9C59C86-AD73-4449-B5C8-6DF2F61D9F7C}
		{1169D9D6-D82E-4A82-8FF1-9D688316635E} = {B9C59C86-AD73-4449-B5C8-6DF2F61D9F7C}
		{36AB4B71-BB16-4F1E-9D17-41E3E833E1F2} = {B9C59C86-AD73-4449-B5C8-6DF2F61D9F7C}
		{09C76C65-F55E-4726-B0ED-5EC04D6BB91D} = {B28BBD0F-9280-494E-875E-2B65E1489F7A}
		{FB14F0A2-F8D2-4D1A-8AEE-91057AD8BB2D} = {FC6CA6BD-983E-4596-912E-6E6971AA8021}
		{C0F9CD6E-D544-47E4-B616-2269633CB048} = {1169D9D6-D82E-4A82-8FF1-9D688316635E}
		{A571478C-9D2D-48F1-949F-EB56BDA411D4} = {36AB4B71-BB16-4F1E-9D17-41E3E833E1F2}
		{CBD1E166-882C-4358-8C22-834561491926} = {4AB403DE-9E51-4AD2-B913-5A7129DA5DEF}
		{777CB77D-DC44-4FB3-BC77-26F88BDAA358} = {CBD1E166-882C-4358-8C22-834561491926}
		{3DFFBC27-3304-4895-990A-37FDF1EA9896} = {CBD1E166-882C-4358-8C22-834561491926}
		{AAB7F6C8-D81C-451E-AB66-6963B83232D0} = {CBD1E166-882C-4358-8C22-834561491926}
		{F130A000-AB54-4060-BD84-6D6896115C6C} = {CBD1E166-882C-4358-8C22-834561491926}
		{599097AC-4825-45AE-811D-D8DFFB4A2664} = {777CB77D-DC44-4FB3-BC77-26F88BDAA358}
		{874B64E8-B1F7-48FC-B01C-4245E0594E43} = {3DFFBC27-3304-4895-990A-37FDF1EA9896}
		{4B573B40-45C7-4F16-9C48-F86FF1BFBC1F} = {AAB7F6C8-D81C-451E-AB66-6963B83232D0}
		{A33C3CBE-1F2B-457B-AEFE-79571A23CAF7} = {F130A000-AB54-4060-BD84-6D6896115C6C}
	EndGlobalSection
	GlobalSection(ExtensibilityGlobals) = postSolution
		SolutionGuid = {A0B3D6BE-18FF-4412-B496-36C39A418484}
	EndGlobalSection
EndGlobal
